Microsoft Visual Studio Solution File, Format Version 8.00
Project("{8BC9CEB8-8B4A-11D0-8D11-00A0C91BC942}") = "Console", "Console.vcproj", "{CFAE091E-BCEF-4443-9880-400A997C156F}"
	ProjectSection(ProjectDependencies) = postProject
	EndProjectSection
EndProject
Project("{8BC9CEB8-8B4A-11D0-8D11-00A0C91BC942}") = "Core", "..\..\Lib\Core\Core.vcproj", "{790BC113-52FB-4565-8968-79B8B011C520}"
	ProjectSection(ProjectDependencies) = postProject
	EndProjectSection
EndProject
Global
	GlobalSection(DPCodeReviewSolutionGUID) = preSolution
		DPCodeReviewSolutionGUID = {00000000-0000-0000-0000-000000000000}
	EndGlobalSection
	GlobalSection(SourceCodeControl) = preSolution
		SccNumberOfProjects = 3
		SccProjectUniqueName0 = ..\\..\\Lib\\Core\\Core.vcproj
		SccProjectName0 = \u0022$/Win32/Lib/Core\u0022,\u0020QWDAAAAA
		SccLocalPath0 = ..\\..\\Lib\\Core
		CanCheckoutShared = true
		SccProjectUniqueName1 = Console.vcproj
		SccLocalPath1 = .
		CanCheckoutShared = true
		SccLocalPath2 = .
		CanCheckoutShared = true
		SolutionUniqueID = {F185F14B-456B-47E0-B357-541A407A1D4D}
	EndGlobalSection
	GlobalSection(SolutionConfiguration) = preSolution
		Debug = Debug
		Release = Release
	EndGlobalSection
	GlobalSection(ProjectDependencies) = postSolution
	EndGlobalSection
	GlobalSection(ProjectConfiguration) = postSolution
		{CFAE091E-BCEF-4443-9880-400A997C156F}.Debug.ActiveCfg = Debug|Win32
		{CFAE091E-BCEF-4443-9880-400A997C156F}.Debug.Build.0 = Debug|Win32
		{CFAE091E-BCEF-4443-9880-400A997C156F}.Release.ActiveCfg = Release|Win32
		{CFAE091E-BCEF-4443-9880-400A997C156F}.Release.Build.0 = Release|Win32
		{790BC113-52FB-4565-8968-79B8B011C520}.Debug.ActiveCfg = Debug|Win32
		{790BC113-52FB-4565-8968-79B8B011C520}.Debug.Build.0 = Debug|Win32
		{790BC113-52FB-4565-8968-79B8B011C520}.Release.ActiveCfg = Release|Win32
		{790BC113-52FB-4565-8968-79B8B011C520}.Release.Build.0 = Release|Win32
	EndGlobalSection
	GlobalSection(ExtensibilityGlobals) = postSolution
	EndGlobalSection
	GlobalSection(ExtensibilityAddIns) = postSolution
	EndGlobalSection
EndGlobal
